PODS:
  - AFNetworking (3.2.1):
    - AFNetworking/NSURLSession (= 3.2.1)
    - AFNetworking/Reachability (= 3.2.1)
    - AFNetworking/Security (= 3.2.1)
    - AFNetworking/Serialization (= 3.2.1)
    - AFNetworking/UIKit (= 3.2.1)
  - AFNetworking/NSURLSession (3.2.1):
    - AFNetworking/Reachability
    - AFNetworking/Security
    - AFNetworking/Serialization
  - AFNetworking/Reachability (3.2.1)
  - AFNetworking/Security (3.2.1)
  - AFNetworking/Serialization (3.2.1)
  - AFNetworking/UIKit (3.2.1):
    - AFNetworking/NSURLSession
  - BaiduMapKit (5.1.0)
  - BaiduMobStatCodeless (5.1.1)
  - Bugly (2.5.2)
  - FMDB/SQLCipher (2.7.5):
    - SQLCipher
  - HJDanmaku (2.0.4)
  - Masonry (1.1.0)
  - MJRefresh (3.2.3)
  - QBImagePickerController (3.4.0)
  - Reachability (3.2)
  - SDWebImage (5.3.2):
    - SDWebImage/Core (= 5.3.2)
  - SDWebImage/Core (5.3.2)
  - SQLCipher (4.2.0):
    - SQLCipher/standard (= 4.2.0)
  - SQLCipher/common (4.2.0)
  - SQLCipher/standard (4.2.0):
    - SQLCipher/common
  - SVProgressHUD (2.2.5)
  - UMengUShare/Core (6.4.8.2):
    - UMengUShare/Network
  - UMengUShare/Network (6.4.8.2)
  - UMengUShare/Social/QQ (6.4.8.2):
    - UMengUShare/Core
    - UMengUShare/Social/ReducedQQ
  - UMengUShare/Social/ReducedQQ (6.4.8.2):
    - UMengUShare/Core
  - UMengUShare/Social/ReducedSina (6.4.8.2):
    - UMengUShare/Core
  - UMengUShare/Social/ReducedWeChat (6.4.8.2):
    - UMengUShare/Core
  - UMengUShare/Social/Sina (6.4.8.2):
    - UMengUShare/Core
    - UMengUShare/Social/ReducedSina
  - UMengUShare/Social/WeChat (6.4.8.2):
    - UMengUShare/Core
    - UMengUShare/Social/ReducedWeChat
  - YYCache (1.0.4)
  - YYModel (1.0.4)

DEPENDENCIES:
  - AFNetworking
  - BaiduMapKit
  - BaiduMobStatCodeless
  - Bugly
  - FMDB/SQLCipher
  - HJDanmaku
  - Masonry
  - MJRefresh
  - QBImagePickerController
  - Reachability
  - SDWebImage
  - SVProgressHUD
  - UMengUShare/Social/QQ
  - UMengUShare/Social/Sina
  - UMengUShare/Social/WeChat
  - YYCache
  - YYModel

SPEC REPOS:
  trunk:
    - AFNetworking
    - BaiduMapKit
    - BaiduMobStatCodeless
    - Bugly
    - FMDB
    - HJDanmaku
    - Masonry
    - MJRefresh
    - QBImagePickerController
    - Reachability
    - SDWebImage
    - SQLCipher
    - SVProgressHUD
    - UMengUShare
    - YYCache
    - YYModel

SPEC CHECKSUMS:
  AFNetworking: b6f891fdfaed196b46c7a83cf209e09697b94057
  BaiduMapKit: be03d7c0d625e2106ba04691e4be45f71f8dee7f
  BaiduMobStatCodeless: 5b8c800892480c1f815265340c278a56c5be7e29
  Bugly: dbac48b55ad469a97cc4321045cd50df8f63d44f
  FMDB: 2ce00b547f966261cd18927a3ddb07cb6f3db82a
  HJDanmaku: 1e185e2fcc24105678b51c1b1baac914b0935efa
  Masonry: 678fab65091a9290e40e2832a55e7ab731aad201
  MJRefresh: 2b1214a2dc8f4df4c5dcb028ea2ad4e245425fb7
  QBImagePickerController: d54cf93db6decf26baf6ed3472f336ef35cae022
  Reachability: 33e18b67625424e47b6cde6d202dce689ad7af96
  SDWebImage: 6ac2eb96571bff96ecde31a987172c5934a0eb7d
  SQLCipher: 0187a2180ac288ea686b670b7141da62cd013b16
  SVProgressHUD: 1428aafac632c1f86f62aa4243ec12008d7a51d6
  UMengUShare: 370d180101e13ee0227ae657ab119ba97243d2b3
  YYCache: 8105b6638f5e849296c71f331ff83891a4942952
  YYModel: 2a7fdd96aaa4b86a824e26d0c517de8928c04b30

PODFILE CHECKSUM: d15dee767791828862c62f6911e3d1a13a5217a2

COCOAPODS: 1.8.4
