// !$*UTF8*$!
{
	archiveVersion = 1;
	classes = {
	};
	objectVersion = 46;
	objects = {

/* Begin PBXBuildFile section */
		51FDC25E2745C6F5B3266297 /* libPods.a in Frameworks */ = {isa = PBXBuildFile; fileRef = 7E6ABB7D5A3BD6423D6CB09E /* libPods.a */; };
		C44931DB1BD27FAB00F0BAF2 /* BaseTabbarViewController.m in Sources */ = {isa = PBXBuildFile; fileRef = C44931D71BD27FAB00F0BAF2 /* BaseTabbarViewController.m */; settings = {ASSET_TAGS = (); }; };
		C44931DC1BD27FAB00F0BAF2 /* BaseViewController.m in Sources */ = {isa = PBXBuildFile; fileRef = C44931D91BD27FAB00F0BAF2 /* BaseViewController.m */; settings = {ASSET_TAGS = (); }; };
		C44931E41BD2800C00F0BAF2 /* MyHelper.m in Sources */ = {isa = PBXBuildFile; fileRef = C44931DF1BD2800C00F0BAF2 /* MyHelper.m */; settings = {ASSET_TAGS = (); }; };
		C44931E51BD2800C00F0BAF2 /* NSString+Helper.m in Sources */ = {isa = PBXBuildFile; fileRef = C44931E11BD2800C00F0BAF2 /* NSString+Helper.m */; settings = {ASSET_TAGS = (); }; };
		C44931E61BD2800C00F0BAF2 /* UIImage+ImageScale.m in Sources */ = {isa = PBXBuildFile; fileRef = C44931E31BD2800C00F0BAF2 /* UIImage+ImageScale.m */; settings = {ASSET_TAGS = (); }; };
		C44931EA1BD280BC00F0BAF2 /* ThreeViewController.m in Sources */ = {isa = PBXBuildFile; fileRef = C44931E81BD280BC00F0BAF2 /* ThreeViewController.m */; settings = {ASSET_TAGS = (); }; };
		C44931EB1BD280BC00F0BAF2 /* ThreeViewController.xib in Resources */ = {isa = PBXBuildFile; fileRef = C44931E91BD280BC00F0BAF2 /* ThreeViewController.xib */; settings = {ASSET_TAGS = (); }; };
		C44931FB1BD2814A00F0BAF2 /* AnimalViewController.m in Sources */ = {isa = PBXBuildFile; fileRef = C44931ED1BD2814900F0BAF2 /* AnimalViewController.m */; settings = {ASSET_TAGS = (); }; };
		C44931FC1BD2814A00F0BAF2 /* AnimalViewController.xib in Resources */ = {isa = PBXBuildFile; fileRef = C44931EE1BD2814900F0BAF2 /* AnimalViewController.xib */; settings = {ASSET_TAGS = (); }; };
		C44931FD1BD2814A00F0BAF2 /* FirstViewController.m in Sources */ = {isa = PBXBuildFile; fileRef = C44931F01BD2814900F0BAF2 /* FirstViewController.m */; settings = {ASSET_TAGS = (); }; };
		C44931FE1BD2814A00F0BAF2 /* FirstViewController.xib in Resources */ = {isa = PBXBuildFile; fileRef = C44931F11BD2814900F0BAF2 /* FirstViewController.xib */; settings = {ASSET_TAGS = (); }; };
		C44931FF1BD2814A00F0BAF2 /* ForthViewController.m in Sources */ = {isa = PBXBuildFile; fileRef = C44931F31BD2814900F0BAF2 /* ForthViewController.m */; settings = {ASSET_TAGS = (); }; };
		C44932001BD2814A00F0BAF2 /* ForthViewController.xib in Resources */ = {isa = PBXBuildFile; fileRef = C44931F41BD2814900F0BAF2 /* ForthViewController.xib */; settings = {ASSET_TAGS = (); }; };
		C44932011BD2814A00F0BAF2 /* GuideViewController.m in Sources */ = {isa = PBXBuildFile; fileRef = C44931F61BD2814900F0BAF2 /* GuideViewController.m */; settings = {ASSET_TAGS = (); }; };
		C44932021BD2814A00F0BAF2 /* GuideViewController.xib in Resources */ = {isa = PBXBuildFile; fileRef = C44931F71BD2814A00F0BAF2 /* GuideViewController.xib */; settings = {ASSET_TAGS = (); }; };
		C44932031BD2814A00F0BAF2 /* SecondViewController.m in Sources */ = {isa = PBXBuildFile; fileRef = C44931F91BD2814A00F0BAF2 /* SecondViewController.m */; settings = {ASSET_TAGS = (); }; };
		C44932041BD2814A00F0BAF2 /* SecondViewController.xib in Resources */ = {isa = PBXBuildFile; fileRef = C44931FA1BD2814A00F0BAF2 /* SecondViewController.xib */; settings = {ASSET_TAGS = (); }; };
		C45408B81BD23A2200B86481 /* main.m in Sources */ = {isa = PBXBuildFile; fileRef = C45408B71BD23A2200B86481 /* main.m */; };
		C45408BB1BD23A2200B86481 /* AppDelegate.m in Sources */ = {isa = PBXBuildFile; fileRef = C45408BA1BD23A2200B86481 /* AppDelegate.m */; };
		C45408C31BD23A2200B86481 /* Assets.xcassets in Resources */ = {isa = PBXBuildFile; fileRef = C45408C21BD23A2200B86481 /* Assets.xcassets */; };
		C45408C61BD23A2200B86481 /* LaunchScreen.storyboard in Resources */ = {isa = PBXBuildFile; fileRef = C45408C41BD23A2200B86481 /* LaunchScreen.storyboard */; };
		C45408CE1BD23A9E00B86481 /* 1.jpg in Resources */ = {isa = PBXBuildFile; fileRef = C45408CD1BD23A9E00B86481 /* 1.jpg */; settings = {ASSET_TAGS = (); }; };
		C475DBB91BD34E43002D746E /* HADirect.m in Sources */ = {isa = PBXBuildFile; fileRef = C475DBB81BD34E43002D746E /* HADirect.m */; settings = {ASSET_TAGS = (); }; };
		C475DBBC1BD35026002D746E /* SwitchViewController.m in Sources */ = {isa = PBXBuildFile; fileRef = C475DBBB1BD35026002D746E /* SwitchViewController.m */; settings = {ASSET_TAGS = (); }; };
		C475DBE01BD35144002D746E /* btn_navbar_back@2x.png in Resources */ = {isa = PBXBuildFile; fileRef = C475DBC41BD35144002D746E /* btn_navbar_back@2x.png */; settings = {ASSET_TAGS = (); }; };
		C475DBE11BD35144002D746E /* btn_navbar_back_on@2x.png in Resources */ = {isa = PBXBuildFile; fileRef = C475DBC51BD35144002D746E /* btn_navbar_back_on@2x.png */; settings = {ASSET_TAGS = (); }; };
		C475DBE21BD35144002D746E /* Default.png in Resources */ = {isa = PBXBuildFile; fileRef = C475DBC61BD35144002D746E /* Default.png */; settings = {ASSET_TAGS = (); }; };
		C475DBE31BD35144002D746E /* Default~iphone.png in Resources */ = {isa = PBXBuildFile; fileRef = C475DBC71BD35144002D746E /* Default~iphone.png */; settings = {ASSET_TAGS = (); }; };
		C475DBE41BD35144002D746E /* user_0.jpg in Resources */ = {isa = PBXBuildFile; fileRef = C475DBC91BD35144002D746E /* user_0.jpg */; settings = {ASSET_TAGS = (); }; };
		C475DBE51BD35144002D746E /* user_1.jpg in Resources */ = {isa = PBXBuildFile; fileRef = C475DBCA1BD35144002D746E /* user_1.jpg */; settings = {ASSET_TAGS = (); }; };
		C475DBE61BD35144002D746E /* user_2.jpg in Resources */ = {isa = PBXBuildFile; fileRef = C475DBCB1BD35144002D746E /* user_2.jpg */; settings = {ASSET_TAGS = (); }; };
		C475DBE71BD35144002D746E /* user_3.jpg in Resources */ = {isa = PBXBuildFile; fileRef = C475DBCC1BD35144002D746E /* user_3.jpg */; settings = {ASSET_TAGS = (); }; };
		C475DBE81BD35144002D746E /* user_4.jpg in Resources */ = {isa = PBXBuildFile; fileRef = C475DBCD1BD35144002D746E /* user_4.jpg */; settings = {ASSET_TAGS = (); }; };
		C475DBE91BD35144002D746E /* user_5.jpg in Resources */ = {isa = PBXBuildFile; fileRef = C475DBCE1BD35144002D746E /* user_5.jpg */; settings = {ASSET_TAGS = (); }; };
		C475DBEA1BD35144002D746E /* user_6.jpg in Resources */ = {isa = PBXBuildFile; fileRef = C475DBCF1BD35144002D746E /* user_6.jpg */; settings = {ASSET_TAGS = (); }; };
		C475DBEB1BD35144002D746E /* user_7.jpg in Resources */ = {isa = PBXBuildFile; fileRef = C475DBD01BD35144002D746E /* user_7.jpg */; settings = {ASSET_TAGS = (); }; };
		C475DBEC1BD35144002D746E /* user_8.jpg in Resources */ = {isa = PBXBuildFile; fileRef = C475DBD11BD35144002D746E /* user_8.jpg */; settings = {ASSET_TAGS = (); }; };
		C475DBED1BD35144002D746E /* user_9.jpg in Resources */ = {isa = PBXBuildFile; fileRef = C475DBD21BD35144002D746E /* user_9.jpg */; settings = {ASSET_TAGS = (); }; };
		C475DBEE1BD35144002D746E /* Launch-568h@2x.png in Resources */ = {isa = PBXBuildFile; fileRef = C475DBD31BD35144002D746E /* Launch-568h@2x.png */; settings = {ASSET_TAGS = (); }; };
		C475DBEF1BD35144002D746E /* btn_Tabbar_Community@2x.png in Resources */ = {isa = PBXBuildFile; fileRef = C475DBD61BD35144002D746E /* btn_Tabbar_Community@2x.png */; settings = {ASSET_TAGS = (); }; };
		C475DBF01BD35144002D746E /* btn_Tabbar_Community_on@2x.png in Resources */ = {isa = PBXBuildFile; fileRef = C475DBD71BD35144002D746E /* btn_Tabbar_Community_on@2x.png */; settings = {ASSET_TAGS = (); }; };
		C475DBF11BD35144002D746E /* btn_tabbar_home@2x.png in Resources */ = {isa = PBXBuildFile; fileRef = C475DBD81BD35144002D746E /* btn_tabbar_home@2x.png */; settings = {ASSET_TAGS = (); }; };
		C475DBF21BD35144002D746E /* btn_tabbar_home_on@2x.png in Resources */ = {isa = PBXBuildFile; fileRef = C475DBD91BD35144002D746E /* btn_tabbar_home_on@2x.png */; settings = {ASSET_TAGS = (); }; };
		C475DBF31BD35144002D746E /* btn_tabbar_myPanli@2x.png in Resources */ = {isa = PBXBuildFile; fileRef = C475DBDA1BD35144002D746E /* btn_tabbar_myPanli@2x.png */; settings = {ASSET_TAGS = (); }; };
		C475DBF41BD35144002D746E /* btn_tabbar_myPanli_on@2x.png in Resources */ = {isa = PBXBuildFile; fileRef = C475DBDB1BD35144002D746E /* btn_tabbar_myPanli_on@2x.png */; settings = {ASSET_TAGS = (); }; };
		C475DBF51BD35144002D746E /* btn_tabbar_shoppingbuy@2x.png in Resources */ = {isa = PBXBuildFile; fileRef = C475DBDC1BD35144002D746E /* btn_tabbar_shoppingbuy@2x.png */; settings = {ASSET_TAGS = (); }; };
		C475DBF61BD35144002D746E /* btn_tabbar_shoppingbuy_on@2x.png in Resources */ = {isa = PBXBuildFile; fileRef = C475DBDD1BD35144002D746E /* btn_tabbar_shoppingbuy_on@2x.png */; settings = {ASSET_TAGS = (); }; };
		C475DBF71BD35144002D746E /* btn_tabbar_shoppingcart@2x.png in Resources */ = {isa = PBXBuildFile; fileRef = C475DBDE1BD35144002D746E /* btn_tabbar_shoppingcart@2x.png */; settings = {ASSET_TAGS = (); }; };
		C475DBF81BD35144002D746E /* btn_tabbar_shoppingcart_on@2x.png in Resources */ = {isa = PBXBuildFile; fileRef = C475DBDF1BD35144002D746E /* btn_tabbar_shoppingcart_on@2x.png */; settings = {ASSET_TAGS = (); }; };
/* End PBXBuildFile section */

/* Begin PBXFileReference section */
		351864FC15AF4658C8BAD8EE /* Pods.release.xcconfig */ = {isa = PBXFileReference; includeInIndex = 1; lastKnownFileType = text.xcconfig; name = Pods.release.xcconfig; path = "Pods/Target Support Files/Pods/Pods.release.xcconfig"; sourceTree = "<group>"; };
		7E6ABB7D5A3BD6423D6CB09E /* libPods.a */ = {isa = PBXFileReference; explicitFileType = archive.ar; includeInIndex = 0; path = libPods.a; sourceTree = BUILT_PRODUCTS_DIR; };
		C44931D61BD27FAB00F0BAF2 /* BaseTabbarViewController.h */ = {isa = PBXFileReference; fileEncoding = 4; lastKnownFileType = sourcecode.c.h; path = BaseTabbarViewController.h; sourceTree = "<group>"; };
		C44931D71BD27FAB00F0BAF2 /* BaseTabbarViewController.m */ = {isa = PBXFileReference; fileEncoding = 4; lastKnownFileType = sourcecode.c.objc; path = BaseTabbarViewController.m; sourceTree = "<group>"; };
		C44931D81BD27FAB00F0BAF2 /* BaseViewController.h */ = {isa = PBXFileReference; fileEncoding = 4; lastKnownFileType = sourcecode.c.h; path = BaseViewController.h; sourceTree = "<group>"; };
		C44931D91BD27FAB00F0BAF2 /* BaseViewController.m */ = {isa = PBXFileReference; fileEncoding = 4; lastKnownFileType = sourcecode.c.objc; path = BaseViewController.m; sourceTree = "<group>"; };
		C44931DA1BD27FAB00F0BAF2 /* Common.h */ = {isa = PBXFileReference; fileEncoding = 4; lastKnownFileType = sourcecode.c.h; path = Common.h; sourceTree = "<group>"; };
		C44931DD1BD2800C00F0BAF2 /* HADirect.h */ = {isa = PBXFileReference; fileEncoding = 4; lastKnownFileType = sourcecode.c.h; path = HADirect.h; sourceTree = "<group>"; };
		C44931DE1BD2800C00F0BAF2 /* MyHelper.h */ = {isa = PBXFileReference; fileEncoding = 4; lastKnownFileType = sourcecode.c.h; path = MyHelper.h; sourceTree = "<group>"; };
		C44931DF1BD2800C00F0BAF2 /* MyHelper.m */ = {isa = PBXFileReference; fileEncoding = 4; lastKnownFileType = sourcecode.c.objc; path = MyHelper.m; sourceTree = "<group>"; };
		C44931E01BD2800C00F0BAF2 /* NSString+Helper.h */ = {isa = PBXFileReference; fileEncoding = 4; lastKnownFileType = sourcecode.c.h; path = "NSString+Helper.h"; sourceTree = "<group>"; };
		C44931E11BD2800C00F0BAF2 /* NSString+Helper.m */ = {isa = PBXFileReference; fileEncoding = 4; lastKnownFileType = sourcecode.c.objc; path = "NSString+Helper.m"; sourceTree = "<group>"; };
		C44931E21BD2800C00F0BAF2 /* UIImage+ImageScale.h */ = {isa = PBXFileReference; fileEncoding = 4; lastKnownFileType = sourcecode.c.h; path = "UIImage+ImageScale.h"; sourceTree = "<group>"; };
		C44931E31BD2800C00F0BAF2 /* UIImage+ImageScale.m */ = {isa = PBXFileReference; fileEncoding = 4; lastKnownFileType = sourcecode.c.objc; path = "UIImage+ImageScale.m"; sourceTree = "<group>"; };
		C44931E71BD280BC00F0BAF2 /* ThreeViewController.h */ = {isa = PBXFileReference; fileEncoding = 4; lastKnownFileType = sourcecode.c.h; path = ThreeViewController.h; sourceTree = "<group>"; };
		C44931E81BD280BC00F0BAF2 /* ThreeViewController.m */ = {isa = PBXFileReference; fileEncoding = 4; lastKnownFileType = sourcecode.c.objc; path = ThreeViewController.m; sourceTree = "<group>"; };
		C44931E91BD280BC00F0BAF2 /* ThreeViewController.xib */ = {isa = PBXFileReference; fileEncoding = 4; lastKnownFileType = file.xib; path = ThreeViewController.xib; sourceTree = "<group>"; };
		C44931EC1BD2814900F0BAF2 /* AnimalViewController.h */ = {isa = PBXFileReference; fileEncoding = 4; lastKnownFileType = sourcecode.c.h; path = AnimalViewController.h; sourceTree = "<group>"; };
		C44931ED1BD2814900F0BAF2 /* AnimalViewController.m */ = {isa = PBXFileReference; fileEncoding = 4; lastKnownFileType = sourcecode.c.objc; path = AnimalViewController.m; sourceTree = "<group>"; };
		C44931EE1BD2814900F0BAF2 /* AnimalViewController.xib */ = {isa = PBXFileReference; fileEncoding = 4; lastKnownFileType = file.xib; path = AnimalViewController.xib; sourceTree = "<group>"; };
		C44931EF1BD2814900F0BAF2 /* FirstViewController.h */ = {isa = PBXFileReference; fileEncoding = 4; lastKnownFileType = sourcecode.c.h; path = FirstViewController.h; sourceTree = "<group>"; };
		C44931F01BD2814900F0BAF2 /* FirstViewController.m */ = {isa = PBXFileReference; fileEncoding = 4; lastKnownFileType = sourcecode.c.objc; path = FirstViewController.m; sourceTree = "<group>"; };
		C44931F11BD2814900F0BAF2 /* FirstViewController.xib */ = {isa = PBXFileReference; fileEncoding = 4; lastKnownFileType = file.xib; path = FirstViewController.xib; sourceTree = "<group>"; };
		C44931F21BD2814900F0BAF2 /* ForthViewController.h */ = {isa = PBXFileReference; fileEncoding = 4; lastKnownFileType = sourcecode.c.h; path = ForthViewController.h; sourceTree = "<group>"; };
		C44931F31BD2814900F0BAF2 /* ForthViewController.m */ = {isa = PBXFileReference; fileEncoding = 4; lastKnownFileType = sourcecode.c.objc; path = ForthViewController.m; sourceTree = "<group>"; };
		C44931F41BD2814900F0BAF2 /* ForthViewController.xib */ = {isa = PBXFileReference; fileEncoding = 4; lastKnownFileType = file.xib; path = ForthViewController.xib; sourceTree = "<group>"; };
		C44931F51BD2814900F0BAF2 /* GuideViewController.h */ = {isa = PBXFileReference; fileEncoding = 4; lastKnownFileType = sourcecode.c.h; path = GuideViewController.h; sourceTree = "<group>"; };
		C44931F61BD2814900F0BAF2 /* GuideViewController.m */ = {isa = PBXFileReference; fileEncoding = 4; lastKnownFileType = sourcecode.c.objc; path = GuideViewController.m; sourceTree = "<group>"; };
		C44931F71BD2814A00F0BAF2 /* GuideViewController.xib */ = {isa = PBXFileReference; fileEncoding = 4; lastKnownFileType = file.xib; path = GuideViewController.xib; sourceTree = "<group>"; };
		C44931F81BD2814A00F0BAF2 /* SecondViewController.h */ = {isa = PBXFileReference; fileEncoding = 4; lastKnownFileType = sourcecode.c.h; path = SecondViewController.h; sourceTree = "<group>"; };
		C44931F91BD2814A00F0BAF2 /* SecondViewController.m */ = {isa = PBXFileReference; fileEncoding = 4; lastKnownFileType = sourcecode.c.objc; path = SecondViewController.m; sourceTree = "<group>"; };
		C44931FA1BD2814A00F0BAF2 /* SecondViewController.xib */ = {isa = PBXFileReference; fileEncoding = 4; lastKnownFileType = file.xib; path = SecondViewController.xib; sourceTree = "<group>"; };
		C45408B31BD23A2200B86481 /* 闪屏.app */ = {isa = PBXFileReference; explicitFileType = wrapper.application; includeInIndex = 0; path = "闪屏.app"; sourceTree = BUILT_PRODUCTS_DIR; };
		C45408B71BD23A2200B86481 /* main.m */ = {isa = PBXFileReference; lastKnownFileType = sourcecode.c.objc; path = main.m; sourceTree = "<group>"; };
		C45408B91BD23A2200B86481 /* AppDelegate.h */ = {isa = PBXFileReference; lastKnownFileType = sourcecode.c.h; path = AppDelegate.h; sourceTree = "<group>"; };
		C45408BA1BD23A2200B86481 /* AppDelegate.m */ = {isa = PBXFileReference; lastKnownFileType = sourcecode.c.objc; path = AppDelegate.m; sourceTree = "<group>"; };
		C45408C21BD23A2200B86481 /* Assets.xcassets */ = {isa = PBXFileReference; lastKnownFileType = folder.assetcatalog; path = Assets.xcassets; sourceTree = "<group>"; };
		C45408C51BD23A2200B86481 /* Base */ = {isa = PBXFileReference; lastKnownFileType = file.storyboard; name = Base; path = Base.lproj/LaunchScreen.storyboard; sourceTree = "<group>"; };
		C45408C71BD23A2200B86481 /* Info.plist */ = {isa = PBXFileReference; lastKnownFileType = text.plist.xml; path = Info.plist; sourceTree = "<group>"; };
		C45408CD1BD23A9E00B86481 /* 1.jpg */ = {isa = PBXFileReference; lastKnownFileType = image.jpeg; path = 1.jpg; sourceTree = "<group>"; };
		C475DBB71BD34DA4002D746E /* URLCommon.h */ = {isa = PBXFileReference; fileEncoding = 4; lastKnownFileType = sourcecode.c.h; path = URLCommon.h; sourceTree = "<group>"; };
		C475DBB81BD34E43002D746E /* HADirect.m */ = {isa = PBXFileReference; fileEncoding = 4; lastKnownFileType = sourcecode.c.objc; path = HADirect.m; sourceTree = "<group>"; };
		C475DBBA1BD35026002D746E /* SwitchViewController.h */ = {isa = PBXFileReference; fileEncoding = 4; lastKnownFileType = sourcecode.c.h; path = SwitchViewController.h; sourceTree = "<group>"; };
		C475DBBB1BD35026002D746E /* SwitchViewController.m */ = {isa = PBXFileReference; fileEncoding = 4; lastKnownFileType = sourcecode.c.objc; path = SwitchViewController.m; sourceTree = "<group>"; };
		C475DBC41BD35144002D746E /* btn_navbar_back@2x.png */ = {isa = PBXFileReference; lastKnownFileType = image.png; path = "btn_navbar_back@2x.png"; sourceTree = "<group>"; };
		C475DBC51BD35144002D746E /* btn_navbar_back_on@2x.png */ = {isa = PBXFileReference; lastKnownFileType = image.png; path = "btn_navbar_back_on@2x.png"; sourceTree = "<group>"; };
		C475DBC61BD35144002D746E /* Default.png */ = {isa = PBXFileReference; lastKnownFileType = image.png; path = Default.png; sourceTree = "<group>"; };
		C475DBC71BD35144002D746E /* Default~iphone.png */ = {isa = PBXFileReference; lastKnownFileType = image.png; path = "Default~iphone.png"; sourceTree = "<group>"; };
		C475DBC91BD35144002D746E /* user_0.jpg */ = {isa = PBXFileReference; lastKnownFileType = image.jpeg; path = user_0.jpg; sourceTree = "<group>"; };
		C475DBCA1BD35144002D746E /* user_1.jpg */ = {isa = PBXFileReference; lastKnownFileType = image.jpeg; path = user_1.jpg; sourceTree = "<group>"; };
		C475DBCB1BD35144002D746E /* user_2.jpg */ = {isa = PBXFileReference; lastKnownFileType = image.jpeg; path = user_2.jpg; sourceTree = "<group>"; };
		C475DBCC1BD35144002D746E /* user_3.jpg */ = {isa = PBXFileReference; lastKnownFileType = image.jpeg; path = user_3.jpg; sourceTree = "<group>"; };
		C475DBCD1BD35144002D746E /* user_4.jpg */ = {isa = PBXFileReference; lastKnownFileType = image.jpeg; path = user_4.jpg; sourceTree = "<group>"; };
		C475DBCE1BD35144002D746E /* user_5.jpg */ = {isa = PBXFileReference; lastKnownFileType = image.jpeg; path = user_5.jpg; sourceTree = "<group>"; };
		C475DBCF1BD35144002D746E /* user_6.jpg */ = {isa = PBXFileReference; lastKnownFileType = image.jpeg; path = user_6.jpg; sourceTree = "<group>"; };
		C475DBD01BD35144002D746E /* user_7.jpg */ = {isa = PBXFileReference; lastKnownFileType = image.jpeg; path = user_7.jpg; sourceTree = "<group>"; };
		C475DBD11BD35144002D746E /* user_8.jpg */ = {isa = PBXFileReference; lastKnownFileType = image.jpeg; path = user_8.jpg; sourceTree = "<group>"; };
		C475DBD21BD35144002D746E /* user_9.jpg */ = {isa = PBXFileReference; lastKnownFileType = image.jpeg; path = user_9.jpg; sourceTree = "<group>"; };
		C475DBD31BD35144002D746E /* Launch-568h@2x.png */ = {isa = PBXFileReference; lastKnownFileType = image.png; path = "Launch-568h@2x.png"; sourceTree = "<group>"; };
		C475DBD61BD35144002D746E /* btn_Tabbar_Community@2x.png */ = {isa = PBXFileReference; lastKnownFileType = image.png; path = "btn_Tabbar_Community@2x.png"; sourceTree = "<group>"; };
		C475DBD71BD35144002D746E /* btn_Tabbar_Community_on@2x.png */ = {isa = PBXFileReference; lastKnownFileType = image.png; path = "btn_Tabbar_Community_on@2x.png"; sourceTree = "<group>"; };
		C475DBD81BD35144002D746E /* btn_tabbar_home@2x.png */ = {isa = PBXFileReference; lastKnownFileType = image.png; path = "btn_tabbar_home@2x.png"; sourceTree = "<group>"; };
		C475DBD91BD35144002D746E /* btn_tabbar_home_on@2x.png */ = {isa = PBXFileReference; lastKnownFileType = image.png; path = "btn_tabbar_home_on@2x.png"; sourceTree = "<group>"; };
		C475DBDA1BD35144002D746E /* btn_tabbar_myPanli@2x.png */ = {isa = PBXFileReference; lastKnownFileType = image.png; path = "btn_tabbar_myPanli@2x.png"; sourceTree = "<group>"; };
		C475DBDB1BD35144002D746E /* btn_tabbar_myPanli_on@2x.png */ = {isa = PBXFileReference; lastKnownFileType = image.png; path = "btn_tabbar_myPanli_on@2x.png"; sourceTree = "<group>"; };
		C475DBDC1BD35144002D746E /* btn_tabbar_shoppingbuy@2x.png */ = {isa = PBXFileReference; lastKnownFileType = image.png; path = "btn_tabbar_shoppingbuy@2x.png"; sourceTree = "<group>"; };
		C475DBDD1BD35144002D746E /* btn_tabbar_shoppingbuy_on@2x.png */ = {isa = PBXFileReference; lastKnownFileType = image.png; path = "btn_tabbar_shoppingbuy_on@2x.png"; sourceTree = "<group>"; };
		C475DBDE1BD35144002D746E /* btn_tabbar_shoppingcart@2x.png */ = {isa = PBXFileReference; lastKnownFileType = image.png; path = "btn_tabbar_shoppingcart@2x.png"; sourceTree = "<group>"; };
		C475DBDF1BD35144002D746E /* btn_tabbar_shoppingcart_on@2x.png */ = {isa = PBXFileReference; lastKnownFileType = image.png; path = "btn_tabbar_shoppingcart_on@2x.png"; sourceTree = "<group>"; };
		F27404A6831670DE3462AC01 /* Pods.debug.xcconfig */ = {isa = PBXFileReference; includeInIndex = 1; lastKnownFileType = text.xcconfig; name = Pods.debug.xcconfig; path = "Pods/Target Support Files/Pods/Pods.debug.xcconfig"; sourceTree = "<group>"; };
/* End PBXFileReference section */

/* Begin PBXFrameworksBuildPhase section */
		C45408B01BD23A2200B86481 /* Frameworks */ = {
			isa = PBXFrameworksBuildPhase;
			buildActionMask = 2147483647;
			files = (
				51FDC25E2745C6F5B3266297 /* libPods.a in Frameworks */,
			);
			runOnlyForDeploymentPostprocessing = 0;
		};
/* End PBXFrameworksBuildPhase section */

/* Begin PBXGroup section */
		5C64504CF5FE1F7782460FD2 /* Frameworks */ = {
			isa = PBXGroup;
			children = (
				7E6ABB7D5A3BD6423D6CB09E /* libPods.a */,
			);
			name = Frameworks;
			sourceTree = "<group>";
		};
		C45408AA1BD23A2200B86481 = {
			isa = PBXGroup;
			children = (
				C45408B51BD23A2200B86481 /* 闪屏 */,
				C45408B41BD23A2200B86481 /* Products */,
				FAB3FAEE9913397CDA60B9F8 /* Pods */,
				5C64504CF5FE1F7782460FD2 /* Frameworks */,
			);
			sourceTree = "<group>";
		};
		C45408B41BD23A2200B86481 /* Products */ = {
			isa = PBXGroup;
			children = (
				C45408B31BD23A2200B86481 /* 闪屏.app */,
			);
			name = Products;
			sourceTree = "<group>";
		};
		C45408B51BD23A2200B86481 /* 闪屏 */ = {
			isa = PBXGroup;
			children = (
				C475DBC21BD35144002D746E /* Image */,
				C45408B91BD23A2200B86481 /* AppDelegate.h */,
				C45408BA1BD23A2200B86481 /* AppDelegate.m */,
				C475DBBA1BD35026002D746E /* SwitchViewController.h */,
				C475DBBB1BD35026002D746E /* SwitchViewController.m */,
				C475DBB71BD34DA4002D746E /* URLCommon.h */,
				C44931EC1BD2814900F0BAF2 /* AnimalViewController.h */,
				C44931ED1BD2814900F0BAF2 /* AnimalViewController.m */,
				C44931EE1BD2814900F0BAF2 /* AnimalViewController.xib */,
				C44931EF1BD2814900F0BAF2 /* FirstViewController.h */,
				C44931F01BD2814900F0BAF2 /* FirstViewController.m */,
				C44931F11BD2814900F0BAF2 /* FirstViewController.xib */,
				C44931F21BD2814900F0BAF2 /* ForthViewController.h */,
				C44931F31BD2814900F0BAF2 /* ForthViewController.m */,
				C44931F41BD2814900F0BAF2 /* ForthViewController.xib */,
				C44931F51BD2814900F0BAF2 /* GuideViewController.h */,
				C44931F61BD2814900F0BAF2 /* GuideViewController.m */,
				C44931F71BD2814A00F0BAF2 /* GuideViewController.xib */,
				C44931F81BD2814A00F0BAF2 /* SecondViewController.h */,
				C44931F91BD2814A00F0BAF2 /* SecondViewController.m */,
				C44931FA1BD2814A00F0BAF2 /* SecondViewController.xib */,
				C44931E71BD280BC00F0BAF2 /* ThreeViewController.h */,
				C44931E81BD280BC00F0BAF2 /* ThreeViewController.m */,
				C44931E91BD280BC00F0BAF2 /* ThreeViewController.xib */,
				C44931DD1BD2800C00F0BAF2 /* HADirect.h */,
				C475DBB81BD34E43002D746E /* HADirect.m */,
				C44931DE1BD2800C00F0BAF2 /* MyHelper.h */,
				C44931DF1BD2800C00F0BAF2 /* MyHelper.m */,
				C44931E01BD2800C00F0BAF2 /* NSString+Helper.h */,
				C44931E11BD2800C00F0BAF2 /* NSString+Helper.m */,
				C44931E21BD2800C00F0BAF2 /* UIImage+ImageScale.h */,
				C44931E31BD2800C00F0BAF2 /* UIImage+ImageScale.m */,
				C44931D61BD27FAB00F0BAF2 /* BaseTabbarViewController.h */,
				C44931D71BD27FAB00F0BAF2 /* BaseTabbarViewController.m */,
				C44931D81BD27FAB00F0BAF2 /* BaseViewController.h */,
				C44931D91BD27FAB00F0BAF2 /* BaseViewController.m */,
				C44931DA1BD27FAB00F0BAF2 /* Common.h */,
				C45408C21BD23A2200B86481 /* Assets.xcassets */,
				C45408C41BD23A2200B86481 /* LaunchScreen.storyboard */,
				C45408CD1BD23A9E00B86481 /* 1.jpg */,
				C45408C71BD23A2200B86481 /* Info.plist */,
				C45408B61BD23A2200B86481 /* Supporting Files */,
			);
			path = "闪屏";
			sourceTree = "<group>";
		};
		C45408B61BD23A2200B86481 /* Supporting Files */ = {
			isa = PBXGroup;
			children = (
				C45408B71BD23A2200B86481 /* main.m */,
			);
			name = "Supporting Files";
			sourceTree = "<group>";
		};
		C475DBC21BD35144002D746E /* Image */ = {
			isa = PBXGroup;
			children = (
				C475DBC31BD35144002D746E /* Default */,
				C475DBC61BD35144002D746E /* Default.png */,
				C475DBC71BD35144002D746E /* Default~iphone.png */,
				C475DBC81BD35144002D746E /* imgForUseer */,
				C475DBD31BD35144002D746E /* Launch-568h@2x.png */,
				C475DBD41BD35144002D746E /* SetUpImage */,
				C475DBD51BD35144002D746E /* TabbarImage */,
			);
			path = Image;
			sourceTree = "<group>";
		};
		C475DBC31BD35144002D746E /* Default */ = {
			isa = PBXGroup;
			children = (
				C475DBC41BD35144002D746E /* btn_navbar_back@2x.png */,
				C475DBC51BD35144002D746E /* btn_navbar_back_on@2x.png */,
			);
			path = Default;
			sourceTree = "<group>";
		};
		C475DBC81BD35144002D746E /* imgForUseer */ = {
			isa = PBXGroup;
			children = (
				C475DBC91BD35144002D746E /* user_0.jpg */,
				C475DBCA1BD35144002D746E /* user_1.jpg */,
				C475DBCB1BD35144002D746E /* user_2.jpg */,
				C475DBCC1BD35144002D746E /* user_3.jpg */,
				C475DBCD1BD35144002D746E /* user_4.jpg */,
				C475DBCE1BD35144002D746E /* user_5.jpg */,
				C475DBCF1BD35144002D746E /* user_6.jpg */,
				C475DBD01BD35144002D746E /* user_7.jpg */,
				C475DBD11BD35144002D746E /* user_8.jpg */,
				C475DBD21BD35144002D746E /* user_9.jpg */,
			);
			path = imgForUseer;
			sourceTree = "<group>";
		};
		C475DBD41BD35144002D746E /* SetUpImage */ = {
			isa = PBXGroup;
			children = (
			);
			path = SetUpImage;
			sourceTree = "<group>";
		};
		C475DBD51BD35144002D746E /* TabbarImage */ = {
			isa = PBXGroup;
			children = (
				C475DBD61BD35144002D746E /* btn_Tabbar_Community@2x.png */,
				C475DBD71BD35144002D746E /* btn_Tabbar_Community_on@2x.png */,
				C475DBD81BD35144002D746E /* btn_tabbar_home@2x.png */,
				C475DBD91BD35144002D746E /* btn_tabbar_home_on@2x.png */,
				C475DBDA1BD35144002D746E /* btn_tabbar_myPanli@2x.png */,
				C475DBDB1BD35144002D746E /* btn_tabbar_myPanli_on@2x.png */,
				C475DBDC1BD35144002D746E /* btn_tabbar_shoppingbuy@2x.png */,
				C475DBDD1BD35144002D746E /* btn_tabbar_shoppingbuy_on@2x.png */,
				C475DBDE1BD35144002D746E /* btn_tabbar_shoppingcart@2x.png */,
				C475DBDF1BD35144002D746E /* btn_tabbar_shoppingcart_on@2x.png */,
			);
			path = TabbarImage;
			sourceTree = "<group>";
		};
		FAB3FAEE9913397CDA60B9F8 /* Pods */ = {
			isa = PBXGroup;
			children = (
				F27404A6831670DE3462AC01 /* Pods.debug.xcconfig */,
				351864FC15AF4658C8BAD8EE /* Pods.release.xcconfig */,
			);
			name = Pods;
			sourceTree = "<group>";
		};
/* End PBXGroup section */

/* Begin PBXNativeTarget section */
		C45408B21BD23A2200B86481 /* 闪屏 */ = {
			isa = PBXNativeTarget;
			buildConfigurationList = C45408CA1BD23A2200B86481 /* Build configuration list for PBXNativeTarget "闪屏" */;
			buildPhases = (
				E1527A515526A06071352951 /* Check Pods Manifest.lock */,
				C45408AF1BD23A2200B86481 /* Sources */,
				C45408B01BD23A2200B86481 /* Frameworks */,
				C45408B11BD23A2200B86481 /* Resources */,
				AB975A5ACD9B75C0EC366F33 /* Embed Pods Frameworks */,
				1FE590884F7BD188379A44D2 /* Copy Pods Resources */,
			);
			buildRules = (
			);
			dependencies = (
			);
			name = "闪屏";
			productName = "闪屏";
			productReference = C45408B31BD23A2200B86481 /* 闪屏.app */;
			productType = "com.apple.product-type.application";
		};
/* End PBXNativeTarget section */

/* Begin PBXProject section */
		C45408AB1BD23A2200B86481 /* Project object */ = {
			isa = PBXProject;
			attributes = {
				LastUpgradeCheck = 0700;
				ORGANIZATIONNAME = "邱读书";
				TargetAttributes = {
					C45408B21BD23A2200B86481 = {
						CreatedOnToolsVersion = 7.0.1;
					};
				};
			};
			buildConfigurationList = C45408AE1BD23A2200B86481 /* Build configuration list for PBXProject "闪屏" */;
			compatibilityVersion = "Xcode 3.2";
			developmentRegion = English;
			hasScannedForEncodings = 0;
			knownRegions = (
				en,
				Base,
			);
			mainGroup = C45408AA1BD23A2200B86481;
			productRefGroup = C45408B41BD23A2200B86481 /* Products */;
			projectDirPath = "";
			projectRoot = "";
			targets = (
				C45408B21BD23A2200B86481 /* 闪屏 */,
			);
		};
/* End PBXProject section */

/* Begin PBXResourcesBuildPhase section */
		C45408B11BD23A2200B86481 /* Resources */ = {
			isa = PBXResourcesBuildPhase;
			buildActionMask = 2147483647;
			files = (
				C475DBEB1BD35144002D746E /* user_7.jpg in Resources */,
				C475DBE51BD35144002D746E /* user_1.jpg in Resources */,
				C45408C61BD23A2200B86481 /* LaunchScreen.storyboard in Resources */,
				C475DBF71BD35144002D746E /* btn_tabbar_shoppingcart@2x.png in Resources */,
				C475DBE91BD35144002D746E /* user_5.jpg in Resources */,
				C475DBF51BD35144002D746E /* btn_tabbar_shoppingbuy@2x.png in Resources */,
				C475DBE11BD35144002D746E /* btn_navbar_back_on@2x.png in Resources */,
				C45408CE1BD23A9E00B86481 /* 1.jpg in Resources */,
				C475DBF81BD35144002D746E /* btn_tabbar_shoppingcart_on@2x.png in Resources */,
				C475DBEA1BD35144002D746E /* user_6.jpg in Resources */,
				C475DBE01BD35144002D746E /* btn_navbar_back@2x.png in Resources */,
				C475DBEF1BD35144002D746E /* btn_Tabbar_Community@2x.png in Resources */,
				C475DBF21BD35144002D746E /* btn_tabbar_home_on@2x.png in Resources */,
				C475DBF31BD35144002D746E /* btn_tabbar_myPanli@2x.png in Resources */,
				C475DBE31BD35144002D746E /* Default~iphone.png in Resources */,
				C44932001BD2814A00F0BAF2 /* ForthViewController.xib in Resources */,
				C45408C31BD23A2200B86481 /* Assets.xcassets in Resources */,
				C475DBED1BD35144002D746E /* user_9.jpg in Resources */,
				C475DBE41BD35144002D746E /* user_0.jpg in Resources */,
				C475DBE61BD35144002D746E /* user_2.jpg in Resources */,
				C44932041BD2814A00F0BAF2 /* SecondViewController.xib in Resources */,
				C475DBF11BD35144002D746E /* btn_tabbar_home@2x.png in Resources */,
				C475DBE21BD35144002D746E /* Default.png in Resources */,
				C44932021BD2814A00F0BAF2 /* GuideViewController.xib in Resources */,
				C475DBE71BD35144002D746E /* user_3.jpg in Resources */,
				C475DBEE1BD35144002D746E /* Launch-568h@2x.png in Resources */,
				C44931EB1BD280BC00F0BAF2 /* ThreeViewController.xib in Resources */,
				C475DBE81BD35144002D746E /* user_4.jpg in Resources */,
				C44931FC1BD2814A00F0BAF2 /* AnimalViewController.xib in Resources */,
				C44931FE1BD2814A00F0BAF2 /* FirstViewController.xib in Resources */,
				C475DBF01BD35144002D746E /* btn_Tabbar_Community_on@2x.png in Resources */,
				C475DBEC1BD35144002D746E /* user_8.jpg in Resources */,
				C475DBF61BD35144002D746E /* btn_tabbar_shoppingbuy_on@2x.png in Resources */,
				C475DBF41BD35144002D746E /* btn_tabbar_myPanli_on@2x.png in Resources */,
			);
			runOnlyForDeploymentPostprocessing = 0;
		};
/* End PBXResourcesBuildPhase section */

/* Begin PBXShellScriptBuildPhase section */
		1FE590884F7BD188379A44D2 /* Copy Pods Resources */ = {
			isa = PBXShellScriptBuildPhase;
			buildActionMask = 2147483647;
			files = (
			);
			inputPaths = (
			);
			name = "Copy Pods Resources";
			outputPaths = (
			);
			runOnlyForDeploymentPostprocessing = 0;
			shellPath = /bin/sh;
			shellScript = "\"${SRCROOT}/Pods/Target Support Files/Pods/Pods-resources.sh\"\n";
			showEnvVarsInLog = 0;
		};
		AB975A5ACD9B75C0EC366F33 /* Embed Pods Frameworks */ = {
			isa = PBXShellScriptBuildPhase;
			buildActionMask = 2147483647;
			files = (
			);
			inputPaths = (
			);
			name = "Embed Pods Frameworks";
			outputPaths = (
			);
			runOnlyForDeploymentPostprocessing = 0;
			shellPath = /bin/sh;
			shellScript = "\"${SRCROOT}/Pods/Target Support Files/Pods/Pods-frameworks.sh\"\n";
			showEnvVarsInLog = 0;
		};
		E1527A515526A06071352951 /* Check Pods Manifest.lock */ = {
			isa = PBXShellScriptBuildPhase;
			buildActionMask = 2147483647;
			files = (
			);
			inputPaths = (
			);
			name = "Check Pods Manifest.lock";
			outputPaths = (
			);
			runOnlyForDeploymentPostprocessing = 0;
			shellPath = /bin/sh;
			shellScript = "diff \"${PODS_ROOT}/../Podfile.lock\" \"${PODS_ROOT}/Manifest.lock\" > /dev/null\nif [[ $? != 0 ]] ; then\n    cat << EOM\nerror: The sandbox is not in sync with the Podfile.lock. Run 'pod install' or update your CocoaPods installation.\nEOM\n    exit 1\nfi\n";
			showEnvVarsInLog = 0;
		};
/* End PBXShellScriptBuildPhase section */

/* Begin PBXSourcesBuildPhase section */
		C45408AF1BD23A2200B86481 /* Sources */ = {
			isa = PBXSourcesBuildPhase;
			buildActionMask = 2147483647;
			files = (
				C44931FB1BD2814A00F0BAF2 /* AnimalViewController.m in Sources */,
				C44932031BD2814A00F0BAF2 /* SecondViewController.m in Sources */,
				C44931DB1BD27FAB00F0BAF2 /* BaseTabbarViewController.m in Sources */,
				C475DBB91BD34E43002D746E /* HADirect.m in Sources */,
				C44931DC1BD27FAB00F0BAF2 /* BaseViewController.m in Sources */,
				C45408BB1BD23A2200B86481 /* AppDelegate.m in Sources */,
				C45408B81BD23A2200B86481 /* main.m in Sources */,
				C44932011BD2814A00F0BAF2 /* GuideViewController.m in Sources */,
				C44931E41BD2800C00F0BAF2 /* MyHelper.m in Sources */,
				C44931E51BD2800C00F0BAF2 /* NSString+Helper.m in Sources */,
				C44931FD1BD2814A00F0BAF2 /* FirstViewController.m in Sources */,
				C44931E61BD2800C00F0BAF2 /* UIImage+ImageScale.m in Sources */,
				C44931EA1BD280BC00F0BAF2 /* ThreeViewController.m in Sources */,
				C475DBBC1BD35026002D746E /* SwitchViewController.m in Sources */,
				C44931FF1BD2814A00F0BAF2 /* ForthViewController.m in Sources */,
			);
			runOnlyForDeploymentPostprocessing = 0;
		};
/* End PBXSourcesBuildPhase section */

/* Begin PBXVariantGroup section */
		C45408C41BD23A2200B86481 /* LaunchScreen.storyboard */ = {
			isa = PBXVariantGroup;
			children = (
				C45408C51BD23A2200B86481 /* Base */,
			);
			name = LaunchScreen.storyboard;
			sourceTree = "<group>";
		};
/* End PBXVariantGroup section */

/* Begin XCBuildConfiguration section */
		C45408C81BD23A2200B86481 /* Debug */ = {
			isa = XCBuildConfiguration;
			buildSettings = {
				ALWAYS_SEARCH_USER_PATHS = NO;
				CLANG_CXX_LANGUAGE_STANDARD = "gnu++0x";
				CLANG_CXX_LIBRARY = "libc++";
				CLANG_ENABLE_MODULES = YES;
				CLANG_ENABLE_OBJC_ARC = YES;
				CLANG_WARN_BOOL_CONVERSION = YES;
				CLANG_WARN_CONSTANT_CONVERSION = YES;
				CLANG_WARN_DIRECT_OBJC_ISA_USAGE = YES_ERROR;
				CLANG_WARN_EMPTY_BODY = YES;
				CLANG_WARN_ENUM_CONVERSION = YES;
				CLANG_WARN_INT_CONVERSION = YES;
				CLANG_WARN_OBJC_ROOT_CLASS = YES_ERROR;
				CLANG_WARN_UNREACHABLE_CODE = YES;
				CLANG_WARN__DUPLICATE_METHOD_MATCH = YES;
				"CODE_SIGN_IDENTITY[sdk=iphoneos*]" = "iPhone Developer";
				COPY_PHASE_STRIP = NO;
				DEBUG_INFORMATION_FORMAT = dwarf;
				ENABLE_STRICT_OBJC_MSGSEND = YES;
				ENABLE_TESTABILITY = YES;
				GCC_C_LANGUAGE_STANDARD = gnu99;
				GCC_DYNAMIC_NO_PIC = NO;
				GCC_NO_COMMON_BLOCKS = YES;
				GCC_OPTIMIZATION_LEVEL = 0;
				GCC_PREPROCESSOR_DEFINITIONS = (
					"DEBUG=1",
					"$(inherited)",
				);
				GCC_WARN_64_TO_32_BIT_CONVERSION = YES;
				GCC_WARN_ABOUT_RETURN_TYPE = YES_ERROR;
				GCC_WARN_UNDECLARED_SELECTOR = YES;
				GCC_WARN_UNINITIALIZED_AUTOS = YES_AGGRESSIVE;
				GCC_WARN_UNUSED_FUNCTION = YES;
				GCC_WARN_UNUSED_VARIABLE = YES;
				IPHONEOS_DEPLOYMENT_TARGET = 9.0;
				MTL_ENABLE_DEBUG_INFO = YES;
				ONLY_ACTIVE_ARCH = YES;
				SDKROOT = iphoneos;
			};
			name = Debug;
		};
		C45408C91BD23A2200B86481 /* Release */ = {
			isa = XCBuildConfiguration;
			buildSettings = {
				ALWAYS_SEARCH_USER_PATHS = NO;
				CLANG_CXX_LANGUAGE_STANDARD = "gnu++0x";
				CLANG_CXX_LIBRARY = "libc++";
				CLANG_ENABLE_MODULES = YES;
				CLANG_ENABLE_OBJC_ARC = YES;
				CLANG_WARN_BOOL_CONVERSION = YES;
				CLANG_WARN_CONSTANT_CONVERSION = YES;
				CLANG_WARN_DIRECT_OBJC_ISA_USAGE = YES_ERROR;
				CLANG_WARN_EMPTY_BODY = YES;
				CLANG_WARN_ENUM_CONVERSION = YES;
				CLANG_WARN_INT_CONVERSION = YES;
				CLANG_WARN_OBJC_ROOT_CLASS = YES_ERROR;
				CLANG_WARN_UNREACHABLE_CODE = YES;
				CLANG_WARN__DUPLICATE_METHOD_MATCH = YES;
				"CODE_SIGN_IDENTITY[sdk=iphoneos*]" = "iPhone Developer";
				COPY_PHASE_STRIP = NO;
				DEBUG_INFORMATION_FORMAT = "dwarf-with-dsym";
				ENABLE_NS_ASSERTIONS = NO;
				ENABLE_STRICT_OBJC_MSGSEND = YES;
				GCC_C_LANGUAGE_STANDARD = gnu99;
				GCC_NO_COMMON_BLOCKS = YES;
				GCC_WARN_64_TO_32_BIT_CONVERSION = YES;
				GCC_WARN_ABOUT_RETURN_TYPE = YES_ERROR;
				GCC_WARN_UNDECLARED_SELECTOR = YES;
				GCC_WARN_UNINITIALIZED_AUTOS = YES_AGGRESSIVE;
				GCC_WARN_UNUSED_FUNCTION = YES;
				GCC_WARN_UNUSED_VARIABLE = YES;
				IPHONEOS_DEPLOYMENT_TARGET = 9.0;
				MTL_ENABLE_DEBUG_INFO = NO;
				SDKROOT = iphoneos;
				VALIDATE_PRODUCT = YES;
			};
			name = Release;
		};
		C45408CB1BD23A2200B86481 /* Debug */ = {
			isa = XCBuildConfiguration;
			baseConfigurationReference = F27404A6831670DE3462AC01 /* Pods.debug.xcconfig */;
			buildSettings = {
				ASSETCATALOG_COMPILER_APPICON_NAME = AppIcon;
				INFOPLIST_FILE = "闪屏/Info.plist";
				LD_RUNPATH_SEARCH_PATHS = "$(inherited) @executable_path/Frameworks";
				PRODUCT_BUNDLE_IDENTIFIER = "---.--";
				PRODUCT_NAME = "$(TARGET_NAME)";
			};
			name = Debug;
		};
		C45408CC1BD23A2200B86481 /* Release */ = {
			isa = XCBuildConfiguration;
			baseConfigurationReference = 351864FC15AF4658C8BAD8EE /* Pods.release.xcconfig */;
			buildSettings = {
				ASSETCATALOG_COMPILER_APPICON_NAME = AppIcon;
				INFOPLIST_FILE = "闪屏/Info.plist";
				LD_RUNPATH_SEARCH_PATHS = "$(inherited) @executable_path/Frameworks";
				PRODUCT_BUNDLE_IDENTIFIER = "---.--";
				PRODUCT_NAME = "$(TARGET_NAME)";
			};
			name = Release;
		};
/* End XCBuildConfiguration section */

/* Begin XCConfigurationList section */
		C45408AE1BD23A2200B86481 /* Build configuration list for PBXProject "闪屏" */ = {
			isa = XCConfigurationList;
			buildConfigurations = (
				C45408C81BD23A2200B86481 /* Debug */,
				C45408C91BD23A2200B86481 /* Release */,
			);
			defaultConfigurationIsVisible = 0;
			defaultConfigurationName = Release;
		};
		C45408CA1BD23A2200B86481 /* Build configuration list for PBXNativeTarget "闪屏" */ = {
			isa = XCConfigurationList;
			buildConfigurations = (
				C45408CB1BD23A2200B86481 /* Debug */,
				C45408CC1BD23A2200B86481 /* Release */,
			);
			defaultConfigurationIsVisible = 0;
			defaultConfigurationName = Release;
		};
/* End XCConfigurationList section */
	};
	rootObject = C45408AB1BD23A2200B86481 /* Project object */;
}
